
Microsoft Visual Studio Solution File, Format Version 12.00
# Visual Studio Version 17
VisualStudioVersion = 17.13.35931.197 d17.13
MinimumVisualStudioVersion = 10.0.40219.1
Project("{FAE04EC0-301F-11D3-BF4B-00C04F79EFBC}") = "Sistema Escolar", "Sistema Escolar\Sistema Escolar.csproj", "{3692052D-1182-4830-B951-394C47D03ED7}"
EndProject
Global
	GlobalSection(SolutionConfigurationPlatforms) = preSolution
		Debug|Any CPU = Debug|Any CPU
		Release|Any CPU = Release|Any CPU
	EndGlobalSection
	GlobalSection(ProjectConfigurationPlatforms) = postSolution
		{3692052D-1182-4830-B951-394C47D03ED7}.Debug|Any CPU.ActiveCfg = Debug|Any CPU
		{3692052D-1182-4830-B951-394C47D03ED7}.Debug|Any CPU.Build.0 = Debug|Any CPU
		{3692052D-1182-4830-B951-394C47D03ED7}.Release|Any CPU.ActiveCfg = Release|Any CPU
		{3692052D-1182-4830-B951-394C47D03ED7}.Release|Any CPU.Build.0 = Release|Any CPU
	EndGlobalSection
	GlobalSection(SolutionProperties) = preSolution
		HideSolutionNode = FALSE
	EndGlobalSection
	GlobalSection(ExtensibilityGlobals) = postSolution
		SolutionGuid = {38F231C5-DB12-47B8-BB3F-31DAC738983B}
	EndGlobalSection
EndGlobal
